
Microsoft Visual Studio Solution File, Format Version 12.00
# Visual Studio Version 17
VisualStudioVersion = 17.12.35506.116
MinimumVisualStudioVersion = 10.0.40219.1
Project("{FAE04EC0-301F-11D3-BF4B-00C04F79EFBC}") = "DataSmoothing.Tests", "DataSmoothing.Tests\DataSmoothing.Tests.csproj", "{6CF2A668-CE03-4E02-9AFC-F83E230E12F4}"
EndProject
Project("{FAE04EC0-301F-11D3-BF4B-00C04F79EFBC}") = "DataSmoothing", "DataSmoothing\DataSmoothing.csproj", "{7F4E6FBB-CF6A-4075-8D4F-E31230D76EEC}"
EndProject
Project("{FAE04EC0-301F-11D3-BF4B-00C04F79EFBC}") = "DataSmoothing.Benchmark", "DataSmoothing.Benchmark\DataSmoothing.Benchmark.csproj", "{584A88D1-0DC7-411E-83D7-5609B7D0A10B}"
EndProject
Global
	GlobalSection(SolutionConfigurationPlatforms) = preSolution
		Debug|Any CPU = Debug|Any CPU
		Release|Any CPU = Release|Any CPU
	EndGlobalSection
	GlobalSection(ProjectConfigurationPlatforms) = postSolution
		{6CF2A668-CE03-4E02-9AFC-F83E230E12F4}.Debug|Any CPU.ActiveCfg = Debug|Any CPU
		{6CF2A668-CE03-4E02-9AFC-F83E230E12F4}.Debug|Any CPU.Build.0 = Debug|Any CPU
		{6CF2A668-CE03-4E02-9AFC-F83E230E12F4}.Release|Any CPU.ActiveCfg = Release|Any CPU
		{6CF2A668-CE03-4E02-9AFC-F83E230E12F4}.Release|Any CPU.Build.0 = Release|Any CPU
		{7F4E6FBB-CF6A-4075-8D4F-E31230D76EEC}.Debug|Any CPU.ActiveCfg = Debug|Any CPU
		{7F4E6FBB-CF6A-4075-8D4F-E31230D76EEC}.Debug|Any CPU.Build.0 = Debug|Any CPU
		{7F4E6FBB-CF6A-4075-8D4F-E31230D76EEC}.Release|Any CPU.ActiveCfg = Release|Any CPU
		{7F4E6FBB-CF6A-4075-8D4F-E31230D76EEC}.Release|Any CPU.Build.0 = Release|Any CPU
		{584A88D1-0DC7-411E-83D7-5609B7D0A10B}.Debug|Any CPU.ActiveCfg = Debug|Any CPU
		{584A88D1-0DC7-411E-83D7-5609B7D0A10B}.Debug|Any CPU.Build.0 = Debug|Any CPU
		{584A88D1-0DC7-411E-83D7-5609B7D0A10B}.Release|Any CPU.ActiveCfg = Release|Any CPU
		{584A88D1-0DC7-411E-83D7-5609B7D0A10B}.Release|Any CPU.Build.0 = Release|Any CPU
	EndGlobalSection
	GlobalSection(SolutionProperties) = preSolution
		HideSolutionNode = FALSE
	EndGlobalSection
EndGlobal
